
Microsoft Visual Studio Solution File, Format Version 12.00
# Visual Studio 14
VisualStudioVersion = 14.0.25420.1
MinimumVisualStudioVersion = 10.0.40219.1
Project("{FAE04EC0-301F-11D3-BF4B-00C04F79EFBC}") = "DataProvider", "TaxChargingAdvantages\DataProvider.csproj", "{DAFE07C2-209E-48D0-927A-7FAA96361AC0}"
EndProject
Project("{FAE04EC0-301F-11D3-BF4B-00C04F79EFBC}") = "Core", "Core\Core.csproj", "{705C5A5E-31D8-448D-9E7D-12A8F480C3F9}"
EndProject
Project("{FAE04EC0-301F-11D3-BF4B-00C04F79EFBC}") = "TaxClient", "TaxClient\TaxClient.csproj", "{17A5DD8A-3500-4EC5-9D77-0889BC3E6BBA}"
EndProject
Global
	GlobalSection(SolutionConfigurationPlatforms) = preSolution
		Debug|Any CPU = Debug|Any CPU
		Release|Any CPU = Release|Any CPU
	EndGlobalSection
	GlobalSection(ProjectConfigurationPlatforms) = postSolution
		{DAFE07C2-209E-48D0-927A-7FAA96361AC0}.Debug|Any CPU.ActiveCfg = Debug|Any CPU
		{DAFE07C2-209E-48D0-927A-7FAA96361AC0}.Debug|Any CPU.Build.0 = Debug|Any CPU
		{DAFE07C2-209E-48D0-927A-7FAA96361AC0}.Release|Any CPU.ActiveCfg = Release|Any CPU
		{DAFE07C2-209E-48D0-927A-7FAA96361AC0}.Release|Any CPU.Build.0 = Release|Any CPU
		{705C5A5E-31D8-448D-9E7D-12A8F480C3F9}.Debug|Any CPU.ActiveCfg = Debug|Any CPU
		{705C5A5E-31D8-448D-9E7D-12A8F480C3F9}.Debug|Any CPU.Build.0 = Debug|Any CPU
		{705C5A5E-31D8-448D-9E7D-12A8F480C3F9}.Release|Any CPU.ActiveCfg = Release|Any CPU
		{705C5A5E-31D8-448D-9E7D-12A8F480C3F9}.Release|Any CPU.Build.0 = Release|Any CPU
		{17A5DD8A-3500-4EC5-9D77-0889BC3E6BBA}.Debug|Any CPU.ActiveCfg = Debug|Any CPU
		{17A5DD8A-3500-4EC5-9D77-0889BC3E6BBA}.Debug|Any CPU.Build.0 = Debug|Any CPU
		{17A5DD8A-3500-4EC5-9D77-0889BC3E6BBA}.Release|Any CPU.ActiveCfg = Release|Any CPU
		{17A5DD8A-3500-4EC5-9D77-0889BC3E6BBA}.Release|Any CPU.Build.0 = Release|Any CPU
	EndGlobalSection
	GlobalSection(SolutionProperties) = preSolution
		HideSolutionNode = FALSE
	EndGlobalSection
EndGlobal
